
Microsoft Visual Studio Solution File, Format Version 12.00
# Visual Studio Version 17
VisualStudioVersion = 17.0.31903.59
MinimumVisualStudioVersion = 10.0.40219.1
Project("{2150E333-8FDC-42A3-9474-1A3956D46DE8}") = "Solution Items", "Solution Items", "{F4E8D2C1-9B3A-4E7F-8C6D-5A4B3C2D1E0F}"
	ProjectSection(SolutionItems) = preProject
		.env.example = .env.example
		docker-compose.yml = docker-compose.yml
	EndProjectSection
EndProject
Project("{2150E333-8FDC-42A3-9474-1A3956D46DE8}") = "src", "src", "{827E0CD3-B72D-47B6-A68D-7590B98EB39B}"
EndProject
Project("{FAE04EC0-301F-11D3-BF4B-00C04F79EFBC}") = "Sandbox.Contracts", "src\Sandbox.Contracts\Sandbox.Contracts.csproj", "{7BB73A1B-CF17-4F49-87F0-A371D45807FC}"
EndProject
Project("{2150E333-8FDC-42A3-9474-1A3956D46DE8}") = "docker", "docker", "{A3B4C5D6-E7F8-9012-3456-789ABCDEF012}"
EndProject
Project("{2150E333-8FDC-42A3-9474-1A3956D46DE8}") = "clickhouse", "clickhouse", "{B4C5D6E7-F890-1234-5678-9ABCDEF01234}"
EndProject
Project("{2150E333-8FDC-42A3-9474-1A3956D46DE8}") = "init", "init", "{C5D6E7F8-9012-3456-789A-BCDEF0123456}"
	ProjectSection(SolutionItems) = preProject
		docker\clickhouse\init\01_orders_queue.sql = docker\clickhouse\init\01_orders_queue.sql
		docker\clickhouse\init\02_orders_pipeline.sql = docker\clickhouse\init\02_orders_pipeline.sql
	EndProjectSection
EndProject
Project("{2150E333-8FDC-42A3-9474-1A3956D46DE8}") = "format_schemas", "format_schemas", "{D6E7F890-1234-5678-9ABC-DEF012345678}"
	ProjectSection(SolutionItems) = preProject
		docker\clickhouse\format_schemas\common\money.proto = docker\clickhouse\format_schemas\common\money.proto
		docker\clickhouse\format_schemas\order_event.proto = docker\clickhouse\format_schemas\order_event.proto
		docker\clickhouse\format_schemas\order_key.proto = docker\clickhouse\format_schemas\order_key.proto
	EndProjectSection
EndProject
Project("{FAE04EC0-301F-11D3-BF4B-00C04F79EFBC}") = "Sandbox.App", "src\Sandbox.App\Sandbox.App.csproj", "{67786B58-E81C-4CE7-9A67-19BEA50DFEA6}"
EndProject
Project("{2150E333-8FDC-42A3-9474-1A3956D46DE8}") = "tools", "tools", "{07C2787E-EAC7-C090-1BA3-A61EC2A24D84}"
EndProject
Project("{FAE04EC0-301F-11D3-BF4B-00C04F79EFBC}") = "ClickHouseSchemaGen", "tools\ClickHouseSchemaGen\ClickHouseSchemaGen.csproj", "{E2966807-5017-4468-B4DA-3F59C14CE56C}"
EndProject
Project("{FAE04EC0-301F-11D3-BF4B-00C04F79EFBC}") = "ClickHouseSchemaGen.Cli", "tools\ClickHouseSchemaGen.Cli\ClickHouseSchemaGen.Cli.csproj", "{221CF56A-6AD3-4946-BACB-DA98ABFA8D25}"
EndProject
Project("{2150E333-8FDC-42A3-9474-1A3956D46DE8}") = "tests", "tests", "{0AB3BF05-4346-4AA6-1389-037BE0695223}"
EndProject
Project("{FAE04EC0-301F-11D3-BF4B-00C04F79EFBC}") = "ClickHouseSchemaGen.Tests", "tests\ClickHouseSchemaGen.Tests\ClickHouseSchemaGen.Tests.csproj", "{549892F7-1700-4DE7-B947-1D2F3345CC6D}"
EndProject
Global
	GlobalSection(SolutionConfigurationPlatforms) = preSolution
		Debug|Any CPU = Debug|Any CPU
		Debug|x64 = Debug|x64
		Debug|x86 = Debug|x86
		Release|Any CPU = Release|Any CPU
		Release|x64 = Release|x64
		Release|x86 = Release|x86
	EndGlobalSection
	GlobalSection(ProjectConfigurationPlatforms) = postSolution
		{7BB73A1B-CF17-4F49-87F0-A371D45807FC}.Debug|Any CPU.ActiveCfg = Debug|Any CPU
		{7BB73A1B-CF17-4F49-87F0-A371D45807FC}.Debug|Any CPU.Build.0 = Debug|Any CPU
		{7BB73A1B-CF17-4F49-87F0-A371D45807FC}.Debug|x64.ActiveCfg = Debug|Any CPU
		{7BB73A1B-CF17-4F49-87F0-A371D45807FC}.Debug|x64.Build.0 = Debug|Any CPU
		{7BB73A1B-CF17-4F49-87F0-A371D45807FC}.Debug|x86.ActiveCfg = Debug|Any CPU
		{7BB73A1B-CF17-4F49-87F0-A371D45807FC}.Debug|x86.Build.0 = Debug|Any CPU
		{7BB73A1B-CF17-4F49-87F0-A371D45807FC}.Release|Any CPU.ActiveCfg = Release|Any CPU
		{7BB73A1B-CF17-4F49-87F0-A371D45807FC}.Release|Any CPU.Build.0 = Release|Any CPU
		{7BB73A1B-CF17-4F49-87F0-A371D45807FC}.Release|x64.ActiveCfg = Release|Any CPU
		{7BB73A1B-CF17-4F49-87F0-A371D45807FC}.Release|x64.Build.0 = Release|Any CPU
		{7BB73A1B-CF17-4F49-87F0-A371D45807FC}.Release|x86.ActiveCfg = Release|Any CPU
		{7BB73A1B-CF17-4F49-87F0-A371D45807FC}.Release|x86.Build.0 = Release|Any CPU
		{67786B58-E81C-4CE7-9A67-19BEA50DFEA6}.Debug|Any CPU.ActiveCfg = Debug|Any CPU
		{67786B58-E81C-4CE7-9A67-19BEA50DFEA6}.Debug|Any CPU.Build.0 = Debug|Any CPU
		{67786B58-E81C-4CE7-9A67-19BEA50DFEA6}.Debug|x64.ActiveCfg = Debug|Any CPU
		{67786B58-E81C-4CE7-9A67-19BEA50DFEA6}.Debug|x64.Build.0 = Debug|Any CPU
		{67786B58-E81C-4CE7-9A67-19BEA50DFEA6}.Debug|x86.ActiveCfg = Debug|Any CPU
		{67786B58-E81C-4CE7-9A67-19BEA50DFEA6}.Debug|x86.Build.0 = Debug|Any CPU
		{67786B58-E81C-4CE7-9A67-19BEA50DFEA6}.Release|Any CPU.ActiveCfg = Release|Any CPU
		{67786B58-E81C-4CE7-9A67-19BEA50DFEA6}.Release|Any CPU.Build.0 = Release|Any CPU
		{67786B58-E81C-4CE7-9A67-19BEA50DFEA6}.Release|x64.ActiveCfg = Release|Any CPU
		{67786B58-E81C-4CE7-9A67-19BEA50DFEA6}.Release|x64.Build.0 = Release|Any CPU
		{67786B58-E81C-4CE7-9A67-19BEA50DFEA6}.Release|x86.ActiveCfg = Release|Any CPU
		{67786B58-E81C-4CE7-9A67-19BEA50DFEA6}.Release|x86.Build.0 = Release|Any CPU
		{E2966807-5017-4468-B4DA-3F59C14CE56C}.Debug|Any CPU.ActiveCfg = Debug|Any CPU
		{E2966807-5017-4468-B4DA-3F59C14CE56C}.Debug|Any CPU.Build.0 = Debug|Any CPU
		{E2966807-5017-4468-B4DA-3F59C14CE56C}.Debug|x64.ActiveCfg = Debug|Any CPU
		{E2966807-5017-4468-B4DA-3F59C14CE56C}.Debug|x64.Build.0 = Debug|Any CPU
		{E2966807-5017-4468-B4DA-3F59C14CE56C}.Debug|x86.ActiveCfg = Debug|Any CPU
		{E2966807-5017-4468-B4DA-3F59C14CE56C}.Debug|x86.Build.0 = Debug|Any CPU
		{E2966807-5017-4468-B4DA-3F59C14CE56C}.Release|Any CPU.ActiveCfg = Release|Any CPU
		{E2966807-5017-4468-B4DA-3F59C14CE56C}.Release|Any CPU.Build.0 = Release|Any CPU
		{E2966807-5017-4468-B4DA-3F59C14CE56C}.Release|x64.ActiveCfg = Release|Any CPU
		{E2966807-5017-4468-B4DA-3F59C14CE56C}.Release|x64.Build.0 = Release|Any CPU
		{E2966807-5017-4468-B4DA-3F59C14CE56C}.Release|x86.ActiveCfg = Release|Any CPU
		{E2966807-5017-4468-B4DA-3F59C14CE56C}.Release|x86.Build.0 = Release|Any CPU
		{221CF56A-6AD3-4946-BACB-DA98ABFA8D25}.Debug|Any CPU.ActiveCfg = Debug|Any CPU
		{221CF56A-6AD3-4946-BACB-DA98ABFA8D25}.Debug|Any CPU.Build.0 = Debug|Any CPU
		{221CF56A-6AD3-4946-BACB-DA98ABFA8D25}.Debug|x64.ActiveCfg = Debug|Any CPU
		{221CF56A-6AD3-4946-BACB-DA98ABFA8D25}.Debug|x64.Build.0 = Debug|Any CPU
		{221CF56A-6AD3-4946-BACB-DA98ABFA8D25}.Debug|x86.ActiveCfg = Debug|Any CPU
		{221CF56A-6AD3-4946-BACB-DA98ABFA8D25}.Debug|x86.Build.0 = Debug|Any CPU
		{221CF56A-6AD3-4946-BACB-DA98ABFA8D25}.Release|Any CPU.ActiveCfg = Release|Any CPU
		{221CF56A-6AD3-4946-BACB-DA98ABFA8D25}.Release|Any CPU.Build.0 = Release|Any CPU
		{221CF56A-6AD3-4946-BACB-DA98ABFA8D25}.Release|x64.ActiveCfg = Release|Any CPU
		{221CF56A-6AD3-4946-BACB-DA98ABFA8D25}.Release|x64.Build.0 = Release|Any CPU
		{221CF56A-6AD3-4946-BACB-DA98ABFA8D25}.Release|x86.ActiveCfg = Release|Any CPU
		{221CF56A-6AD3-4946-BACB-DA98ABFA8D25}.Release|x86.Build.0 = Release|Any CPU
		{549892F7-1700-4DE7-B947-1D2F3345CC6D}.Debug|Any CPU.ActiveCfg = Debug|Any CPU
		{549892F7-1700-4DE7-B947-1D2F3345CC6D}.Debug|Any CPU.Build.0 = Debug|Any CPU
		{549892F7-1700-4DE7-B947-1D2F3345CC6D}.Debug|x64.ActiveCfg = Debug|Any CPU
		{549892F7-1700-4DE7-B947-1D2F3345CC6D}.Debug|x64.Build.0 = Debug|Any CPU
		{549892F7-1700-4DE7-B947-1D2F3345CC6D}.Debug|x86.ActiveCfg = Debug|Any CPU
		{549892F7-1700-4DE7-B947-1D2F3345CC6D}.Debug|x86.Build.0 = Debug|Any CPU
		{549892F7-1700-4DE7-B947-1D2F3345CC6D}.Release|Any CPU.ActiveCfg = Release|Any CPU
		{549892F7-1700-4DE7-B947-1D2F3345CC6D}.Release|Any CPU.Build.0 = Release|Any CPU
		{549892F7-1700-4DE7-B947-1D2F3345CC6D}.Release|x64.ActiveCfg = Release|Any CPU
		{549892F7-1700-4DE7-B947-1D2F3345CC6D}.Release|x64.Build.0 = Release|Any CPU
		{549892F7-1700-4DE7-B947-1D2F3345CC6D}.Release|x86.ActiveCfg = Release|Any CPU
		{549892F7-1700-4DE7-B947-1D2F3345CC6D}.Release|x86.Build.0 = Release|Any CPU
	EndGlobalSection
	GlobalSection(SolutionProperties) = preSolution
		HideSolutionNode = FALSE
	EndGlobalSection
	GlobalSection(NestedProjects) = preSolution
		{7BB73A1B-CF17-4F49-87F0-A371D45807FC} = {827E0CD3-B72D-47B6-A68D-7590B98EB39B}
		{B4C5D6E7-F890-1234-5678-9ABCDEF01234} = {A3B4C5D6-E7F8-9012-3456-789ABCDEF012}
		{C5D6E7F8-9012-3456-789A-BCDEF0123456} = {B4C5D6E7-F890-1234-5678-9ABCDEF01234}
		{D6E7F890-1234-5678-9ABC-DEF012345678} = {B4C5D6E7-F890-1234-5678-9ABCDEF01234}
		{67786B58-E81C-4CE7-9A67-19BEA50DFEA6} = {827E0CD3-B72D-47B6-A68D-7590B98EB39B}
		{E2966807-5017-4468-B4DA-3F59C14CE56C} = {07C2787E-EAC7-C090-1BA3-A61EC2A24D84}
		{221CF56A-6AD3-4946-BACB-DA98ABFA8D25} = {07C2787E-EAC7-C090-1BA3-A61EC2A24D84}
		{549892F7-1700-4DE7-B947-1D2F3345CC6D} = {0AB3BF05-4346-4AA6-1389-037BE0695223}
	EndGlobalSection
EndGlobal
